
Microsoft Visual Studio Solution File, Format Version 12.00
# Visual Studio Version 17
VisualStudioVersion = 17.11.35219.272
MinimumVisualStudioVersion = 10.0.40219.1
Project("{8BC9CEB8-8B4A-11D0-8D11-00A0C91BC942}") = "Project6", "Project6.vcxproj", "{CECAD795-7DAA-4394-B5E8-E6568074A99D}"
EndProject
Global
	GlobalSection(SolutionConfigurationPlatforms) = preSolution
		Debug|x64 = Debug|x64
		Debug|x86 = Debug|x86
		Release|x64 = Release|x64
		Release|x86 = Release|x86
	EndGlobalSection
	GlobalSection(ProjectConfigurationPlatforms) = postSolution
		{CECAD795-7DAA-4394-B5E8-E6568074A99D}.Debug|x64.ActiveCfg = Debug|x64
		{CECAD795-7DAA-4394-B5E8-E6568074A99D}.Debug|x64.Build.0 = Debug|x64
		{CECAD795-7DAA-4394-B5E8-E6568074A99D}.Debug|x86.ActiveCfg = Debug|Win32
		{CECAD795-7DAA-4394-B5E8-E6568074A99D}.Debug|x86.Build.0 = Debug|Win32
		{CECAD795-7DAA-4394-B5E8-E6568074A99D}.Release|x64.ActiveCfg = Release|x64
		{CECAD795-7DAA-4394-B5E8-E6568074A99D}.Release|x64.Build.0 = Release|x64
		{CECAD795-7DAA-4394-B5E8-E6568074A99D}.Release|x86.ActiveCfg = Release|Win32
		{CECAD795-7DAA-4394-B5E8-E6568074A99D}.Release|x86.Build.0 = Release|Win32
	EndGlobalSection
	GlobalSection(SolutionProperties) = preSolution
		HideSolutionNode = FALSE
	EndGlobalSection
	GlobalSection(ExtensibilityGlobals) = postSolution
		SolutionGuid = {452486F6-4022-49F6-8211-FCAFF54E2C67}
	EndGlobalSection
EndGlobal
